{
  "version": 4,
  "terraform_version": "0.14.9",
  "serial": 17,
  "lineage": "59b5bcb2-a538-90b5-1c2b-d1f1afe6cd55",
  "outputs": {
    "webapp_ips": {
      "value": "51.105.113.43,51.105.114.159,51.105.115.138,51.105.116.102,51.105.116.185,51.105.117.54,20.50.2.38",
      "type": "string"
    },
    "webapp_url": {
      "value": "temenosappservice.azurewebsites.net",
      "type": "string"
    }
  },
  "resources": [
    {
      "mode": "managed",
      "type": "azurerm_app_service",
      "name": "webapp",
      "provider": "provider[\"registry.terraform.io/hashicorp/azurerm\"]",
      "instances": [
        {
          "schema_version": 0,
          "attributes": {
            "app_service_plan_id": "/subscriptions/35860e9e-2a67-4081-986e-1c090f3cc86a/resourceGroups/myresource/providers/Microsoft.Web/serverfarms/FirstAppserviceplan",
            "app_settings": {
              "SOME_KEY": "some-value"
            },
            "auth_settings": [
              {
                "active_directory": [],
                "additional_login_params": {},
                "allowed_external_redirect_urls": [],
                "default_provider": "",
                "enabled": false,
                "facebook": [],
                "google": [],
                "issuer": "",
                "microsoft": [],
                "runtime_version": "",
                "token_refresh_extension_hours": 0,
                "token_store_enabled": false,
                "twitter": [],
                "unauthenticated_client_action": ""
              }
            ],
            "backup": [],
            "client_affinity_enabled": false,
            "client_cert_enabled": false,
            "connection_string": [
              {
                "name": "Database",
                "type": "SQLAzure",
                "value": "Server=tcp:azurerm_sql_server.sqlserver.fully_qualified_domain_name Database=azurerm_sql_database.db.name;User ID=azurerm_sql_server.sqlserver.administrator_login;Password=azurerm_sql_server.sqlserver.administrator_login_password;Trusted_Connection=False;Encrypt=True;"
              }
            ],
            "custom_domain_verification_id": "839CBD3C574128DF203554B6F60FA4FCCFEDE104CFF4AAFF32A36481E765DB4E",
            "default_site_hostname": "temenosappservice.azurewebsites.net",
            "enabled": true,
            "https_only": false,
            "id": "/subscriptions/35860e9e-2a67-4081-986e-1c090f3cc86a/resourceGroups/myresource/providers/Microsoft.Web/sites/temenosappservice",
            "identity": [],
            "location": "westeurope",
            "logs": [
              {
                "application_logs": [
                  {
                    "azure_blob_storage": [],
                    "file_system_level": "Off"
                  }
                ],
                "detailed_error_messages_enabled": false,
                "failed_request_tracing_enabled": false,
                "http_logs": [
                  {
                    "azure_blob_storage": [],
                    "file_system": []
                  }
                ]
              }
            ],
            "name": "temenosappservice",
            "outbound_ip_address_list": [
              "51.105.113.43",
              "51.105.114.159",
              "51.105.115.138",
              "51.105.116.102",
              "51.105.116.185",
              "51.105.117.54",
              "20.50.2.38"
            ],
            "outbound_ip_addresses": "51.105.113.43,51.105.114.159,51.105.115.138,51.105.116.102,51.105.116.185,51.105.117.54,20.50.2.38",
            "possible_outbound_ip_address_list": [
              "51.105.113.43",
              "51.105.114.159",
              "51.105.115.138",
              "51.105.116.102",
              "51.105.116.185",
              "51.105.117.54",
              "51.105.117.96",
              "51.105.117.184",
              "51.105.118.155",
              "51.105.118.220",
              "51.105.118.236",
              "51.105.119.89",
              "51.105.119.166",
              "51.105.119.253",
              "51.136.120.44",
              "51.136.120.122",
              "51.136.120.171",
              "51.136.120.207",
              "104.45.66.64",
              "104.45.66.228",
              "51.124.133.64",
              "20.71.65.21",
              "20.71.65.60",
              "20.71.65.210",
              "20.71.66.22",
              "20.71.66.26",
              "20.71.66.33",
              "20.71.68.222",
              "20.71.69.46",
              "20.71.69.112",
              "20.50.2.38"
            ],
            "possible_outbound_ip_addresses": "51.105.113.43,51.105.114.159,51.105.115.138,51.105.116.102,51.105.116.185,51.105.117.54,51.105.117.96,51.105.117.184,51.105.118.155,51.105.118.220,51.105.118.236,51.105.119.89,51.105.119.166,51.105.119.253,51.136.120.44,51.136.120.122,51.136.120.171,51.136.120.207,104.45.66.64,104.45.66.228,51.124.133.64,20.71.65.21,20.71.65.60,20.71.65.210,20.71.66.22,20.71.66.26,20.71.66.33,20.71.68.222,20.71.69.46,20.71.69.112,20.50.2.38",
            "resource_group_name": "myresource",
            "site_config": [
              {
                "always_on": false,
                "app_command_line": "",
                "auto_swap_slot_name": "",
                "cors": [
                  {
                    "allowed_origins": [],
                    "support_credentials": false
                  }
                ],
                "default_documents": [],
                "dotnet_framework_version": "v4.0",
                "ftps_state": "AllAllowed",
                "health_check_path": "",
                "http2_enabled": false,
                "ip_restriction": [],
                "java_container": "",
                "java_container_version": "",
                "java_version": "",
                "linux_fx_version": "",
                "local_mysql_enabled": false,
                "managed_pipeline_mode": "Integrated",
                "min_tls_version": "1.2",
                "number_of_workers": 1,
                "php_version": "",
                "python_version": "",
                "remote_debugging_enabled": false,
                "remote_debugging_version": "VS2019",
                "scm_ip_restriction": [],
                "scm_type": "LocalGit",
                "scm_use_main_ip_restriction": false,
                "use_32_bit_worker_process": false,
                "websockets_enabled": false,
                "windows_fx_version": ""
              }
            ],
            "site_credential": [
              {
                "password": "aw9YThQ5vh7lLJNCQgdmbHbxJhzeoCjYeAqLSlziJ3fX3s3Kmfqe9JkgiocR",
                "username": "$temenosappservice"
              }
            ],
            "source_control": [
              {
                "branch": "master",
                "manual_integration": false,
                "repo_url": "https://temenosappservice.scm.azurewebsites.net",
                "rollback_enabled": false,
                "use_mercurial": false
              }
            ],
            "storage_account": [],
            "tags": {},
            "timeouts": null
          },
          "sensitive_attributes": [],
          "private": "eyJlMmJmYjczMC1lY2FhLTExZTYtOGY4OC0zNDM2M2JjN2M0YzAiOnsiY3JlYXRlIjoxODAwMDAwMDAwMDAwLCJkZWxldGUiOjE4MDAwMDAwMDAwMDAsInJlYWQiOjMwMDAwMDAwMDAwMCwidXBkYXRlIjoxODAwMDAwMDAwMDAwfX0=",
          "dependencies": [
            "azurerm_app_service_plan.app_plan",
            "azurerm_resource_group.rg"
          ]
        }
      ]
    },
    {
      "mode": "managed",
      "type": "azurerm_app_service_plan",
      "name": "app_plan",
      "provider": "provider[\"registry.terraform.io/hashicorp/azurerm\"]",
      "instances": [
        {
          "schema_version": 0,
          "attributes": {
            "app_service_environment_id": "",
            "id": "/subscriptions/35860e9e-2a67-4081-986e-1c090f3cc86a/resourceGroups/myresource/providers/Microsoft.Web/serverfarms/FirstAppserviceplan",
            "is_xenon": false,
            "kind": "Windows",
            "location": "westeurope",
            "maximum_elastic_worker_count": 1,
            "maximum_number_of_workers": 10,
            "name": "FirstAppserviceplan",
            "per_site_scaling": false,
            "reserved": false,
            "resource_group_name": "myresource",
            "sku": [
              {
                "capacity": 1,
                "size": "S1",
                "tier": "Standard"
              }
            ],
            "tags": {},
            "timeouts": null
          },
          "sensitive_attributes": [],
          "private": "eyJlMmJmYjczMC1lY2FhLTExZTYtOGY4OC0zNDM2M2JjN2M0YzAiOnsiY3JlYXRlIjozNjAwMDAwMDAwMDAwLCJkZWxldGUiOjM2MDAwMDAwMDAwMDAsInJlYWQiOjMwMDAwMDAwMDAwMCwidXBkYXRlIjozNjAwMDAwMDAwMDAwfX0=",
          "dependencies": [
            "azurerm_resource_group.rg"
          ]
        }
      ]
    },
    {
      "mode": "managed",
      "type": "azurerm_resource_group",
      "name": "rg",
      "provider": "provider[\"registry.terraform.io/hashicorp/azurerm\"]",
      "instances": [
        {
          "schema_version": 0,
          "attributes": {
            "id": "/subscriptions/35860e9e-2a67-4081-986e-1c090f3cc86a/resourceGroups/myresource",
            "location": "westeurope",
            "name": "myresource",
            "tags": {
              "environment": "production"
            },
            "timeouts": null
          },
          "sensitive_attributes": [],
          "private": "eyJlMmJmYjczMC1lY2FhLTExZTYtOGY4OC0zNDM2M2JjN2M0YzAiOnsiY3JlYXRlIjo1NDAwMDAwMDAwMDAwLCJkZWxldGUiOjU0MDAwMDAwMDAwMDAsInJlYWQiOjMwMDAwMDAwMDAwMCwidXBkYXRlIjo1NDAwMDAwMDAwMDAwfX0="
        }
      ]
    },
    {
      "mode": "managed",
      "type": "azurerm_sql_database",
      "name": "db",
      "provider": "provider[\"registry.terraform.io/hashicorp/azurerm\"]",
      "instances": [
        {
          "schema_version": 0,
          "attributes": {
            "collation": "SQL_Latin1_General_CP1_CI_AS",
            "create_mode": "Default",
            "creation_date": "2021-04-08T10:26:24.353Z",
            "default_secondary_location": "North Europe",
            "edition": "Standard",
            "elastic_pool_name": "",
            "encryption": "",
            "extended_auditing_policy": [],
            "id": "/subscriptions/35860e9e-2a67-4081-986e-1c090f3cc86a/resourceGroups/myresource/providers/Microsoft.Sql/servers/temenossqlserver/databases/Firstsqldb",
            "import": [],
            "location": "westeurope",
            "max_size_bytes": "268435456000",
            "max_size_gb": null,
            "name": "Firstsqldb",
            "read_scale": false,
            "requested_service_objective_id": "f1173c43-91bd-4aaa-973c-54e79e15235b",
            "requested_service_objective_name": "S0",
            "resource_group_name": "myresource",
            "restore_point_in_time": null,
            "server_name": "temenossqlserver",
            "source_database_deletion_date": null,
            "source_database_id": null,
            "tags": {},
            "threat_detection_policy": [
              {
                "disabled_alerts": [],
                "email_account_admins": "Disabled",
                "email_addresses": [],
                "retention_days": 0,
                "state": "Disabled",
                "storage_account_access_key": "",
                "storage_endpoint": "",
                "use_server_default": "Disabled"
              }
            ],
            "timeouts": null,
            "zone_redundant": false
          },
          "sensitive_attributes": [],
          "private": "eyJlMmJmYjczMC1lY2FhLTExZTYtOGY4OC0zNDM2M2JjN2M0YzAiOnsiY3JlYXRlIjozNjAwMDAwMDAwMDAwLCJkZWxldGUiOjM2MDAwMDAwMDAwMDAsInJlYWQiOjMwMDAwMDAwMDAwMCwidXBkYXRlIjozNjAwMDAwMDAwMDAwfX0=",
          "dependencies": [
            "azurerm_resource_group.rg",
            "azurerm_sql_server.sqlserver"
          ]
        }
      ]
    },
    {
      "mode": "managed",
      "type": "azurerm_sql_server",
      "name": "sqlserver",
      "provider": "provider[\"registry.terraform.io/hashicorp/azurerm\"]",
      "instances": [
        {
          "schema_version": 0,
          "attributes": {
            "administrator_login": "deek",
            "administrator_login_password": "milky@1993",
            "connection_policy": "Default",
            "extended_auditing_policy": [],
            "fully_qualified_domain_name": "temenossqlserver.database.windows.net",
            "id": "/subscriptions/35860e9e-2a67-4081-986e-1c090f3cc86a/resourceGroups/myresource/providers/Microsoft.Sql/servers/temenossqlserver",
            "identity": [],
            "location": "westeurope",
            "name": "temenossqlserver",
            "resource_group_name": "myresource",
            "tags": {},
            "timeouts": null,
            "version": "12.0"
          },
          "sensitive_attributes": [],
          "private": "eyJlMmJmYjczMC1lY2FhLTExZTYtOGY4OC0zNDM2M2JjN2M0YzAiOnsiY3JlYXRlIjozNjAwMDAwMDAwMDAwLCJkZWxldGUiOjM2MDAwMDAwMDAwMDAsInJlYWQiOjMwMDAwMDAwMDAwMCwidXBkYXRlIjozNjAwMDAwMDAwMDAwfX0=",
          "dependencies": [
            "azurerm_resource_group.rg"
          ]
        }
      ]
    }
  ]
}
